lockfileVersion: '9.0'

settings:
  autoInstallPeers: true
  excludeLinksFromLockfile: false

importers:

  .:
    dependencies:
      '@prisma/adapter-pg':
        specifier: ^5.18.0
        version: 5.22.0(pg@8.13.1)
      '@prisma/client':
        specifier: ^5.18.0
        version: 5.22.0(prisma@6.0.1)
      pg:
        specifier: ^8.13.0
        version: 8.13.1
      prisma:
        specifier: ^6.0.1
        version: 6.0.1

packages:

  '@prisma/adapter-pg@5.22.0':
    resolution: {integrity: sha512-feLMrZtHD4qSG/Kk+GSQKyLsIpukDhMc4xucNz268NDiYxx0oviI9SA9M8dWX5BSPt2Qhr7Hqt8AVB6V/zvR1g==}
    peerDependencies:
      pg: ^8.11.3

  '@prisma/client@5.22.0':
    resolution: {integrity: sha512-M0SVXfyHnQREBKxCgyo7sffrKttwE6R8PMq330MIUF0pTwjUhLbW84pFDlf06B27XyCR++VtjugEnIHdr07SVA==}
    engines: {node: '>=16.13'}
    peerDependencies:
      prisma: '*'
    peerDependenciesMeta:
      prisma:
        optional: true

  '@prisma/debug@5.22.0':
    resolution: {integrity: sha512-AUt44v3YJeggO2ZU5BkXI7M4hu9BF2zzH2iF2V5pyXT/lRTyWiElZ7It+bRH1EshoMRxHgpYg4VB6rCM+mG5jQ==}

  '@prisma/debug@6.0.1':
    resolution: {integrity: sha512-jQylgSOf7ibTVxqBacnAlVGvek6fQxJIYCQOeX2KexsfypNzXjJQSS2o5s+Mjj2Np93iSOQUaw6TvPj8syhG4w==}

  '@prisma/driver-adapter-utils@5.22.0':
    resolution: {integrity: sha512-Y8msGZl9unmVflXoqdxTejv99UD02Gp4VoIvkyw+YxNUIj7nRz35O7yf5D87qNmTiPMGCS1WjUucG9ZuNq8+tw==}

  '@prisma/engines-version@5.23.0-27.5dbef10bdbfb579e07d35cc85fb1518d357cb99e':
    resolution: {integrity: sha512-JmIds0Q2/vsOmnuTJYxY4LE+sajqjYKhLtdOT6y4imojqv5d/aeVEfbBGC74t8Be1uSp0OP8lxIj2OqoKbLsfQ==}

  '@prisma/engines@6.0.1':
    resolution: {integrity: sha512-4hxzI+YQIR2uuDyVsDooFZGu5AtixbvM2psp+iayDZ4hRrAHo/YwgA17N23UWq7G6gRu18NvuNMb48qjP3DPQw==}

  '@prisma/fetch-engine@6.0.1':
    resolution: {integrity: sha512-T36bWFVGeGYYSyYOj9d+O9G3sBC+pAyMC+jc45iSL63/Haq1GrYjQPgPMxrEj9m739taXrupoysRedQ+VyvM/Q==}

  '@prisma/get-platform@6.0.1':
    resolution: {integrity: sha512-zspC9vlxAqx4E6epMPMLLBMED2VD8axDe8sPnquZ8GOsn6tiacWK0oxrGK4UAHYzYUVuMVUApJbdXB2dFpLhvg==}

  fsevents@2.3.3:
    resolution: {integrity: sha512-5xoDfX+fL7faATnagmWPpbFtwh/R77WmMMqqHGS65C3vvB0YHrgF+B1YmZ3441tMj5n63k0212XNoJwzlhffQw==}
    engines: {node: ^8.16.0 || ^10.6.0 || >=11.0.0}
    os: [darwin]

  pg-cloudflare@1.1.1:
    resolution: {integrity: sha512-xWPagP/4B6BgFO+EKz3JONXv3YDgvkbVrGw2mTo3D6tVDQRh1e7cqVGvyR3BE+eQgAvx1XhW/iEASj4/jCWl3Q==}

  pg-connection-string@2.7.0:
    resolution: {integrity: sha512-PI2W9mv53rXJQEOb8xNR8lH7Hr+EKa6oJa38zsK0S/ky2er16ios1wLKhZyxzD7jUReiWokc9WK5nxSnC7W1TA==}

  pg-int8@1.0.1:
    resolution: {integrity: sha512-WCtabS6t3c8SkpDBUlb1kjOs7l66xsGdKpIPZsg4wR+B3+u9UAum2odSsF9tnvxg80h4ZxLWMy4pRjOsFIqQpw==}
    engines: {node: '>=4.0.0'}

  pg-pool@3.7.0:
    resolution: {integrity: sha512-ZOBQForurqh4zZWjrgSwwAtzJ7QiRX0ovFkZr2klsen3Nm0aoh33Ls0fzfv3imeH/nw/O27cjdz5kzYJfeGp/g==}
    peerDependencies:
      pg: '>=8.0'

  pg-protocol@1.7.0:
    resolution: {integrity: sha512-hTK/mE36i8fDDhgDFjy6xNOG+LCorxLG3WO17tku+ij6sVHXh1jQUJ8hYAnRhNla4QVD2H8er/FOjc/+EgC6yQ==}

  pg-types@2.2.0:
    resolution: {integrity: sha512-qTAAlrEsl8s4OiEQY69wDvcMIdQN6wdz5ojQiOy6YRMuynxenON0O5oCpJI6lshc6scgAY8qvJ2On/p+CXY0GA==}
    engines: {node: '>=4'}

  pg@8.13.1:
    resolution: {integrity: sha512-OUir1A0rPNZlX//c7ksiu7crsGZTKSOXJPgtNiHGIlC9H0lO+NC6ZDYksSgBYY/thSWhnSRBv8w1lieNNGATNQ==}
    engines: {node: '>= 8.0.0'}
    peerDependencies:
      pg-native: '>=3.0.1'
    peerDependenciesMeta:
      pg-native:
        optional: true

  pgpass@1.0.5:
    resolution: {integrity: sha512-FdW9r/jQZhSeohs1Z3sI1yxFQNFvMcnmfuj4WBMUTxOrAyLMaTcE1aAMBiTlbMNaXvBCQuVi0R7hd8udDSP7ug==}

  postgres-array@2.0.0:
    resolution: {integrity: sha512-VpZrUqU5A69eQyW2c5CA1jtLecCsN2U/bD6VilrFDWq5+5UIEVO7nazS3TEcHf1zuPYO/sqGvUvW62g86RXZuA==}
    engines: {node: '>=4'}

  postgres-array@3.0.2:
    resolution: {integrity: sha512-6faShkdFugNQCLwucjPcY5ARoW1SlbnrZjmGl0IrrqewpvxvhSLHimCVzqeuULCbG0fQv7Dtk1yDbG3xv7Veog==}
    engines: {node: '>=12'}

  postgres-bytea@1.0.0:
    resolution: {integrity: sha512-xy3pmLuQqRBZBXDULy7KbaitYqLcmxigw14Q5sj8QBVLqEwXfeybIKVWiqAXTlcvdvb0+xkOtDbfQMOf4lST1w==}
    engines: {node: '>=0.10.0'}

  postgres-date@1.0.7:
    resolution: {integrity: sha512-suDmjLVQg78nMK2UZ454hAG+OAW+HQPZ6n++TNDUX+L0+uUlLywnoxJKDou51Zm+zTCjrCl0Nq6J9C5hP9vK/Q==}
    engines: {node: '>=0.10.0'}

  postgres-interval@1.2.0:
    resolution: {integrity: sha512-9ZhXKM/rw350N1ovuWHbGxnGh/SNJ4cnxHiM0rxE4VN41wsg8P8zWn9hv/buK00RP4WvlOyr/RBDiptyxVbkZQ==}
    engines: {node: '>=0.10.0'}

  prisma@6.0.1:
    resolution: {integrity: sha512-CaMNFHkf+DDq8zq3X/JJsQ4Koy7dyWwwtOKibkT/Am9j/tDxcfbg7+lB1Dzhx18G/+RQCMgjPYB61bhRqteNBQ==}
    engines: {node: '>=18.18'}
    hasBin: true

  split2@4.2.0:
    resolution: {integrity: sha512-UcjcJOWknrNkF6PLX83qcHM6KHgVKNkV62Y8a5uYDVv9ydGQVwAHMKqHdJje1VTWpljG0WYpCDhrCdAOYH4TWg==}
    engines: {node: '>= 10.x'}

  xtend@4.0.2:
    resolution: {integrity: sha512-LKYU1iAXJXUgAXn9URjiu+MWhyUXHsvfp7mcuYm9dSUKK0/CjtrUwFAxD82/mCWbtLsGjFIad0wIsod4zrTAEQ==}
    engines: {node: '>=0.4'}

snapshots:

  '@prisma/adapter-pg@5.22.0(pg@8.13.1)':
    dependencies:
      '@prisma/driver-adapter-utils': 5.22.0
      pg: 8.13.1
      postgres-array: 3.0.2

  '@prisma/client@5.22.0(prisma@6.0.1)':
    optionalDependencies:
      prisma: 6.0.1

  '@prisma/debug@5.22.0': {}

  '@prisma/debug@6.0.1': {}

  '@prisma/driver-adapter-utils@5.22.0':
    dependencies:
      '@prisma/debug': 5.22.0

  '@prisma/engines-version@5.23.0-27.5dbef10bdbfb579e07d35cc85fb1518d357cb99e': {}

  '@prisma/engines@6.0.1':
    dependencies:
      '@prisma/debug': 6.0.1
      '@prisma/engines-version': 5.23.0-27.5dbef10bdbfb579e07d35cc85fb1518d357cb99e
      '@prisma/fetch-engine': 6.0.1
      '@prisma/get-platform': 6.0.1

  '@prisma/fetch-engine@6.0.1':
    dependencies:
      '@prisma/debug': 6.0.1
      '@prisma/engines-version': 5.23.0-27.5dbef10bdbfb579e07d35cc85fb1518d357cb99e
      '@prisma/get-platform': 6.0.1

  '@prisma/get-platform@6.0.1':
    dependencies:
      '@prisma/debug': 6.0.1

  fsevents@2.3.3:
    optional: true

  pg-cloudflare@1.1.1:
    optional: true

  pg-connection-string@2.7.0: {}

  pg-int8@1.0.1: {}

  pg-pool@3.7.0(pg@8.13.1):
    dependencies:
      pg: 8.13.1

  pg-protocol@1.7.0: {}

  pg-types@2.2.0:
    dependencies:
      pg-int8: 1.0.1
      postgres-array: 2.0.0
      postgres-bytea: 1.0.0
      postgres-date: 1.0.7
      postgres-interval: 1.2.0

  pg@8.13.1:
    dependencies:
      pg-connection-string: 2.7.0
      pg-pool: 3.7.0(pg@8.13.1)
      pg-protocol: 1.7.0
      pg-types: 2.2.0
      pgpass: 1.0.5
    optionalDependencies:
      pg-cloudflare: 1.1.1

  pgpass@1.0.5:
    dependencies:
      split2: 4.2.0

  postgres-array@2.0.0: {}

  postgres-array@3.0.2: {}

  postgres-bytea@1.0.0: {}

  postgres-date@1.0.7: {}

  postgres-interval@1.2.0:
    dependencies:
      xtend: 4.0.2

  prisma@6.0.1:
    dependencies:
      '@prisma/engines': 6.0.1
    optionalDependencies:
      fsevents: 2.3.3

  split2@4.2.0: {}

  xtend@4.0.2: {}
